// !$*UTF8*$!
{
	archiveVersion = 1;
	classes = {
	};
	objectVersion = 56;
	objects = {

/* Begin PBXBuildFile section */
		8D6AC0F12C3B237D00676464 /* AppiumAppApp.swift in Sources */ = {isa = PBXBuildFile; fileRef = 8D6AC0F02C3B237D00676464 /* AppiumAppApp.swift */; };
		8D6AC0F32C3B237D00676464 /* ContentView.swift in Sources */ = {isa = PBXBuildFile; fileRef = 8D6AC0F22C3B237D00676464 /* ContentView.swift */; };
		8D6AC0F52C3B237E00676464 /* Assets.xcassets in Resources */ = {isa = PBXBuildFile; fileRef = 8D6AC0F42C3B237E00676464 /* Assets.xcassets */; };
		8D6AC0F82C3B237E00676464 /* Preview Assets.xcassets in Resources */ = {isa = PBXBuildFile; fileRef = 8D6AC0F72C3B237E00676464 /* Preview Assets.xcassets */; };
		8D6AC1022C3B237E00676464 /* AppiumAppTests.swift in Sources */ = {isa = PBXBuildFile; fileRef = 8D6AC1012C3B237E00676464 /* AppiumAppTests.swift */; };
		8D6AC10C2C3B237F00676464 /* AppiumAppUITests.swift in Sources */ = {isa = PBXBuildFile; fileRef = 8D6AC10B2C3B237F00676464 /* AppiumAppUITests.swift */; };
		8D6AC10E2C3B237F00676464 /* AppiumAppUITestsLaunchTests.swift in Sources */ = {isa = PBXBuildFile; fileRef = 8D6AC10D2C3B237F00676464 /* AppiumAppUITestsLaunchTests.swift */; };
/* End PBXBuildFile section */

/* Begin PBXContainerItemProxy section */
		8D6AC0FE2C3B237E00676464 /* PBXContainerItemProxy */ = {
			isa = PBXContainerItemProxy;
			containerPortal = 8D6AC0E52C3B237D00676464 /* Project object */;
			proxyType = 1;
			remoteGlobalIDString = 8D6AC0EC2C3B237D00676464;
			remoteInfo = AppiumApp;
		};
		8D6AC1082C3B237F00676464 /* PBXContainerItemProxy */ = {
			isa = PBXContainerItemProxy;
			containerPortal = 8D6AC0E52C3B237D00676464 /* Project object */;
			proxyType = 1;
			remoteGlobalIDString = 8D6AC0EC2C3B237D00676464;
			remoteInfo = AppiumApp;
		};
/* End PBXContainerItemProxy section */

/* Begin PBXFileReference section */
		8D6AC0ED2C3B237D00676464 /* AppiumApp.app */ = {isa = PBXFileReference; explicitFileType = wrapper.application; includeInIndex = 0; path = AppiumApp.app; sourceTree = BUILT_PRODUCTS_DIR; };
		8D6AC0F02C3B237D00676464 /* AppiumAppApp.swift */ = {isa = PBXFileReference; lastKnownFileType = sourcecode.swift; path = AppiumAppApp.swift; sourceTree = "<group>"; };
		8D6AC0F22C3B237D00676464 /* ContentView.swift */ = {isa = PBXFileReference; lastKnownFileType = sourcecode.swift; path = ContentView.swift; sourceTree = "<group>"; };
		8D6AC0F42C3B237E00676464 /* Assets.xcassets */ = {isa = PBXFileReference; lastKnownFileType = folder.assetcatalog; path = Assets.xcassets; sourceTree = "<group>"; };
		8D6AC0F72C3B237E00676464 /* Preview Assets.xcassets */ = {isa = PBXFileReference; lastKnownFileType = folder.assetcatalog; path = "Preview Assets.xcassets"; sourceTree = "<group>"; };
		8D6AC0FD2C3B237E00676464 /* AppiumAppTests.xctest */ = {isa = PBXFileReference; explicitFileType = wrapper.cfbundle; includeInIndex = 0; path = AppiumAppTests.xctest; sourceTree = BUILT_PRODUCTS_DIR; };
		8D6AC1012C3B237E00676464 /* AppiumAppTests.swift */ = {isa = PBXFileReference; lastKnownFileType = sourcecode.swift; path = AppiumAppTests.swift; sourceTree = "<group>"; };
		8D6AC1072C3B237F00676464 /* AppiumAppUITests.xctest */ = {isa = PBXFileReference; explicitFileType = wrapper.cfbundle; includeInIndex = 0; path = AppiumAppUITests.xctest; sourceTree = BUILT_PRODUCTS_DIR; };
		8D6AC10B2C3B237F00676464 /* AppiumAppUITests.swift */ = {isa = PBXFileReference; lastKnownFileType = sourcecode.swift; path = AppiumAppUITests.swift; sourceTree = "<group>"; };
		8D6AC10D2C3B237F00676464 /* AppiumAppUITestsLaunchTests.swift */ = {isa = PBXFileReference; lastKnownFileType = sourcecode.swift; path = AppiumAppUITestsLaunchTests.swift; sourceTree = "<group>"; };
/* End PBXFileReference section */

/* Begin PBXFrameworksBuildPhase section */
		8D6AC0EA2C3B237D00676464 /* Frameworks */ = {
			isa = PBXFrameworksBuildPhase;
			buildActionMask = 2147483647;
			files = (
			);
			runOnlyForDeploymentPostprocessing = 0;
		};
		8D6AC0FA2C3B237E00676464 /* Frameworks */ = {
			isa = PBXFrameworksBuildPhase;
			buildActionMask = 2147483647;
			files = (
			);
			runOnlyForDeploymentPostprocessing = 0;
		};
		8D6AC1042C3B237F00676464 /* Frameworks */ = {
			isa = PBXFrameworksBuildPhase;
			buildActionMask = 2147483647;
			files = (
			);
			runOnlyForDeploymentPostprocessing = 0;
		};
/* End PBXFrameworksBuildPhase section */

/* Begin PBXGroup section */
		8D6AC0E42C3B237D00676464 = {
			isa = PBXGroup;
			children = (
				8D6AC0EF2C3B237D00676464 /* AppiumApp */,
				8D6AC1002C3B237E00676464 /* AppiumAppTests */,
				8D6AC10A2C3B237F00676464 /* AppiumAppUITests */,
				8D6AC0EE2C3B237D00676464 /* Products */,
			);
			sourceTree = "<group>";
		};
		8D6AC0EE2C3B237D00676464 /* Products */ = {
			isa = PBXGroup;
			children = (
				8D6AC0ED2C3B237D00676464 /* AppiumApp.app */,
				8D6AC0FD2C3B237E00676464 /* AppiumAppTests.xctest */,
				8D6AC1072C3B237F00676464 /* AppiumAppUITests.xctest */,
			);
			name = Products;
			sourceTree = "<group>";
		};
		8D6AC0EF2C3B237D00676464 /* AppiumApp */ = {
			isa = PBXGroup;
			children = (
				8D6AC0F02C3B237D00676464 /* AppiumAppApp.swift */,
				8D6AC0F22C3B237D00676464 /* ContentView.swift */,
				8D6AC0F42C3B237E00676464 /* Assets.xcassets */,
				8D6AC0F62C3B237E00676464 /* Preview Content */,
			);
			path = AppiumApp;
			sourceTree = "<group>";
		};
		8D6AC0F62C3B237E00676464 /* Preview Content */ = {
			isa = PBXGroup;
			children = (
				8D6AC0F72C3B237E00676464 /* Preview Assets.xcassets */,
			);
			path = "Preview Content";
			sourceTree = "<group>";
		};
		8D6AC1002C3B237E00676464 /* AppiumAppTests */ = {
			isa = PBXGroup;
			children = (
				8D6AC1012C3B237E00676464 /* AppiumAppTests.swift */,
			);
			path = AppiumAppTests;
			sourceTree = "<group>";
		};
		8D6AC10A2C3B237F00676464 /* AppiumAppUITests */ = {
			isa = PBXGroup;
			children = (
				8D6AC10B2C3B237F00676464 /* AppiumAppUITests.swift */,
				8D6AC10D2C3B237F00676464 /* AppiumAppUITestsLaunchTests.swift */,
			);
			path = AppiumAppUITests;
			sourceTree = "<group>";
		};
/* End PBXGroup section */

/* Begin PBXNativeTarget section */
		8D6AC0EC2C3B237D00676464 /* AppiumApp */ = {
			isa = PBXNativeTarget;
			buildConfigurationList = 8D6AC1112C3B237F00676464 /* Build configuration list for PBXNativeTarget "AppiumApp" */;
			buildPhases = (
				8D6AC0E92C3B237D00676464 /* Sources */,
				8D6AC0EA2C3B237D00676464 /* Frameworks */,
				8D6AC0EB2C3B237D00676464 /* Resources */,
			);
			buildRules = (
			);
			dependencies = (
			);
			name = AppiumApp;
			productName = AppiumApp;
			productReference = 8D6AC0ED2C3B237D00676464 /* AppiumApp.app */;
			productType = "com.apple.product-type.application";
		};
		8D6AC0FC2C3B237E00676464 /* AppiumAppTests */ = {
			isa = PBXNativeTarget;
			buildConfigurationList = 8D6AC1142C3B237F00676464 /* Build configuration list for PBXNativeTarget "AppiumAppTests" */;
			buildPhases = (
				8D6AC0F92C3B237E00676464 /* Sources */,
				8D6AC0FA2C3B237E00676464 /* Frameworks */,
				8D6AC0FB2C3B237E00676464 /* Resources */,
			);
			buildRules = (
			);
			dependencies = (
				8D6AC0FF2C3B237E00676464 /* PBXTargetDependency */,
			);
			name = AppiumAppTests;
			productName = AppiumAppTests;
			productReference = 8D6AC0FD2C3B237E00676464 /* AppiumAppTests.xctest */;
			productType = "com.apple.product-type.bundle.unit-test";
		};
		8D6AC1062C3B237F00676464 /* AppiumAppUITests */ = {
			isa = PBXNativeTarget;
			buildConfigurationList = 8D6AC1172C3B237F00676464 /* Build configuration list for PBXNativeTarget "AppiumAppUITests" */;
			buildPhases = (
				8D6AC1032C3B237F00676464 /* Sources */,
				8D6AC1042C3B237F00676464 /* Frameworks */,
				8D6AC1052C3B237F00676464 /* Resources */,
			);
			buildRules = (
			);
			dependencies = (
				8D6AC1092C3B237F00676464 /* PBXTargetDependency */,
			);
			name = AppiumAppUITests;
			productName = AppiumAppUITests;
			productReference = 8D6AC1072C3B237F00676464 /* AppiumAppUITests.xctest */;
			productType = "com.apple.product-type.bundle.ui-testing";
		};
/* End PBXNativeTarget section */

/* Begin PBXProject section */
		8D6AC0E52C3B237D00676464 /* Project object */ = {
			isa = PBXProject;
			attributes = {
				BuildIndependentTargetsInParallel = 1;
				LastSwiftUpdateCheck = 1540;
				LastUpgradeCheck = 1540;
				TargetAttributes = {
					8D6AC0EC2C3B237D00676464 = {
						CreatedOnToolsVersion = 15.4;
					};
					8D6AC0FC2C3B237E00676464 = {
						CreatedOnToolsVersion = 15.4;
						TestTargetID = 8D6AC0EC2C3B237D00676464;
					};
					8D6AC1062C3B237F00676464 = {
						CreatedOnToolsVersion = 15.4;
						TestTargetID = 8D6AC0EC2C3B237D00676464;
					};
				};
			};
			buildConfigurationList = 8D6AC0E82C3B237D00676464 /* Build configuration list for PBXProject "AppiumApp" */;
			compatibilityVersion = "Xcode 14.0";
			developmentRegion = en;
			hasScannedForEncodings = 0;
			knownRegions = (
				en,
				Base,
			);
			mainGroup = 8D6AC0E42C3B237D00676464;
			productRefGroup = 8D6AC0EE2C3B237D00676464 /* Products */;
			projectDirPath = "";
			projectRoot = "";
			targets = (
				8D6AC0EC2C3B237D00676464 /* AppiumApp */,
				8D6AC0FC2C3B237E00676464 /* AppiumAppTests */,
				8D6AC1062C3B237F00676464 /* AppiumAppUITests */,
			);
		};
/* End PBXProject section */

/* Begin PBXResourcesBuildPhase section */
		8D6AC0EB2C3B237D00676464 /* Resources */ = {
			isa = PBXResourcesBuildPhase;
			buildActionMask = 2147483647;
			files = (
				8D6AC0F82C3B237E00676464 /* Preview Assets.xcassets in Resources */,
				8D6AC0F52C3B237E00676464 /* Assets.xcassets in Resources */,
			);
			runOnlyForDeploymentPostprocessing = 0;
		};
		8D6AC0FB2C3B237E00676464 /* Resources */ = {
			isa = PBXResourcesBuildPhase;
			buildActionMask = 2147483647;
			files = (
			);
			runOnlyForDeploymentPostprocessing = 0;
		};
		8D6AC1052C3B237F00676464 /* Resources */ = {
			isa = PBXResourcesBuildPhase;
			buildActionMask = 2147483647;
			files = (
			);
			runOnlyForDeploymentPostprocessing = 0;
		};
/* End PBXResourcesBuildPhase section */

/* Begin PBXSourcesBuildPhase section */
		8D6AC0E92C3B237D00676464 /* Sources */ = {
			isa = PBXSourcesBuildPhase;
			buildActionMask = 2147483647;
			files = (
				8D6AC0F32C3B237D00676464 /* ContentView.swift in Sources */,
				8D6AC0F12C3B237D00676464 /* AppiumAppApp.swift in Sources */,
			);
			runOnlyForDeploymentPostprocessing = 0;
		};
		8D6AC0F92C3B237E00676464 /* Sources */ = {
			isa = PBXSourcesBuildPhase;
			buildActionMask = 2147483647;
			files = (
				8D6AC1022C3B237E00676464 /* AppiumAppTests.swift in Sources */,
			);
			runOnlyForDeploymentPostprocessing = 0;
		};
		8D6AC1032C3B237F00676464 /* Sources */ = {
			isa = PBXSourcesBuildPhase;
			buildActionMask = 2147483647;
			files = (
				8D6AC10E2C3B237F00676464 /* AppiumAppUITestsLaunchTests.swift in Sources */,
				8D6AC10C2C3B237F00676464 /* AppiumAppUITests.swift in Sources */,
			);
			runOnlyForDeploymentPostprocessing = 0;
		};
/* End PBXSourcesBuildPhase section */

/* Begin PBXTargetDependency section */
		8D6AC0FF2C3B237E00676464 /* PBXTargetDependency */ = {
			isa = PBXTargetDependency;
			target = 8D6AC0EC2C3B237D00676464 /* AppiumApp */;
			targetProxy = 8D6AC0FE2C3B237E00676464 /* PBXContainerItemProxy */;
		};
		8D6AC1092C3B237F00676464 /* PBXTargetDependency */ = {
			isa = PBXTargetDependency;
			target = 8D6AC0EC2C3B237D00676464 /* AppiumApp */;
			targetProxy = 8D6AC1082C3B237F00676464 /* PBXContainerItemProxy */;
		};
/* End PBXTargetDependency section */

/* Begin XCBuildConfiguration section */
		8D6AC10F2C3B237F00676464 /* Debug */ = {
			isa = XCBuildConfiguration;
			buildSettings = {
				ALWAYS_SEARCH_USER_PATHS = NO;
				ASSETCATALOG_COMPILER_GENERATE_SWIFT_ASSET_SYMBOL_EXTENSIONS = YES;
				CLANG_ANALYZER_NONNULL = YES;
				CLANG_ANALYZER_NUMBER_OBJECT_CONVERSION = YES_AGGRESSIVE;
				CLANG_CXX_LANGUAGE_STANDARD = "gnu++20";
				CLANG_ENABLE_MODULES = YES;
				CLANG_ENABLE_OBJC_ARC = YES;
				CLANG_ENABLE_OBJC_WEAK = YES;
				CLANG_WARN_BLOCK_CAPTURE_AUTORELEASING = YES;
				CLANG_WARN_BOOL_CONVERSION = YES;
				CLANG_WARN_COMMA = YES;
				CLANG_WARN_CONSTANT_CONVERSION = YES;
				CLANG_WARN_DEPRECATED_OBJC_IMPLEMENTATIONS = YES;
				CLANG_WARN_DIRECT_OBJC_ISA_USAGE = YES_ERROR;
				CLANG_WARN_DOCUMENTATION_COMMENTS = YES;
				CLANG_WARN_EMPTY_BODY = YES;
				CLANG_WARN_ENUM_CONVERSION = YES;
				CLANG_WARN_INFINITE_RECURSION = YES;
				CLANG_WARN_INT_CONVERSION = YES;
				CLANG_WARN_NON_LITERAL_NULL_CONVERSION = YES;
				CLANG_WARN_OBJC_IMPLICIT_RETAIN_SELF = YES;
				CLANG_WARN_OBJC_LITERAL_CONVERSION = YES;
				CLANG_WARN_OBJC_ROOT_CLASS = YES_ERROR;
				CLANG_WARN_QUOTED_INCLUDE_IN_FRAMEWORK_HEADER = YES;
				CLANG_WARN_RANGE_LOOP_ANALYSIS = YES;
				CLANG_WARN_STRICT_PROTOTYPES = YES;
				CLANG_WARN_SUSPICIOUS_MOVE = YES;
				CLANG_WARN_UNGUARDED_AVAILABILITY = YES_AGGRESSIVE;
				CLANG_WARN_UNREACHABLE_CODE = YES;
				CLANG_WARN__DUPLICATE_METHOD_MATCH = YES;
				COPY_PHASE_STRIP = NO;
				DEBUG_INFORMATION_FORMAT = dwarf;
				ENABLE_STRICT_OBJC_MSGSEND = YES;
				ENABLE_TESTABILITY = YES;
				ENABLE_USER_SCRIPT_SANDBOXING = YES;
				GCC_C_LANGUAGE_STANDARD = gnu17;
				GCC_DYNAMIC_NO_PIC = NO;
				GCC_NO_COMMON_BLOCKS = YES;
				GCC_OPTIMIZATION_LEVEL = 0;
				GCC_PREPROCESSOR_DEFINITIONS = (
					"DEBUG=1",
					"$(inherited)",
				);
				GCC_WARN_64_TO_32_BIT_CONVERSION = YES;
				GCC_WARN_ABOUT_RETURN_TYPE = YES_ERROR;
				GCC_WARN_UNDECLARED_SELECTOR = YES;
				GCC_WARN_UNINITIALIZED_AUTOS = YES_AGGRESSIVE;
				GCC_WARN_UNUSED_FUNCTION = YES;
				GCC_WARN_UNUSED_VARIABLE = YES;
				IPHONEOS_DEPLOYMENT_TARGET = 17.5;
				LOCALIZATION_PREFERS_STRING_CATALOGS = YES;
				MTL_ENABLE_DEBUG_INFO = INCLUDE_SOURCE;
				MTL_FAST_MATH = YES;
				ONLY_ACTIVE_ARCH = YES;
				SDKROOT = iphoneos;
				SWIFT_ACTIVE_COMPILATION_CONDITIONS = "DEBUG $(inherited)";
				SWIFT_OPTIMIZATION_LEVEL = "-Onone";
			};
			name = Debug;
		};
		8D6AC1102C3B237F00676464 /* Release */ = {
			isa = XCBuildConfiguration;
			buildSettings = {
				ALWAYS_SEARCH_USER_PATHS = NO;
				ASSETCATALOG_COMPILER_GENERATE_SWIFT_ASSET_SYMBOL_EXTENSIONS = YES;
				CLANG_ANALYZER_NONNULL = YES;
				CLANG_ANALYZER_NUMBER_OBJECT_CONVERSION = YES_AGGRESSIVE;
				CLANG_CXX_LANGUAGE_STANDARD = "gnu++20";
				CLANG_ENABLE_MODULES = YES;
				CLANG_ENABLE_OBJC_ARC = YES;
				CLANG_ENABLE_OBJC_WEAK = YES;
				CLANG_WARN_BLOCK_CAPTURE_AUTORELEASING = YES;
				CLANG_WARN_BOOL_CONVERSION = YES;
				CLANG_WARN_COMMA = YES;
				CLANG_WARN_CONSTANT_CONVERSION = YES;
				CLANG_WARN_DEPRECATED_OBJC_IMPLEMENTATIONS = YES;
				CLANG_WARN_DIRECT_OBJC_ISA_USAGE = YES_ERROR;
				CLANG_WARN_DOCUMENTATION_COMMENTS = YES;
				CLANG_WARN_EMPTY_BODY = YES;
				CLANG_WARN_ENUM_CONVERSION = YES;
				CLANG_WARN_INFINITE_RECURSION = YES;
				CLANG_WARN_INT_CONVERSION = YES;
				CLANG_WARN_NON_LITERAL_NULL_CONVERSION = YES;
				CLANG_WARN_OBJC_IMPLICIT_RETAIN_SELF = YES;
				CLANG_WARN_OBJC_LITERAL_CONVERSION = YES;
				CLANG_WARN_OBJC_ROOT_CLASS = YES_ERROR;
				CLANG_WARN_QUOTED_INCLUDE_IN_FRAMEWORK_HEADER = YES;
				CLANG_WARN_RANGE_LOOP_ANALYSIS = YES;
				CLANG_WARN_STRICT_PROTOTYPES = YES;
				CLANG_WARN_SUSPICIOUS_MOVE = YES;
				CLANG_WARN_UNGUARDED_AVAILABILITY = YES_AGGRESSIVE;
				CLANG_WARN_UNREACHABLE_CODE = YES;
				CLANG_WARN__DUPLICATE_METHOD_MATCH = YES;
				COPY_PHASE_STRIP = NO;
				DEBUG_INFORMATION_FORMAT = "dwarf-with-dsym";
				ENABLE_NS_ASSERTIONS = NO;
				ENABLE_STRICT_OBJC_MSGSEND = YES;
				ENABLE_USER_SCRIPT_SANDBOXING = YES;
				GCC_C_LANGUAGE_STANDARD = gnu17;
				GCC_NO_COMMON_BLOCKS = YES;
				GCC_WARN_64_TO_32_BIT_CONVERSION = YES;
				GCC_WARN_ABOUT_RETURN_TYPE = YES_ERROR;
				GCC_WARN_UNDECLARED_SELECTOR = YES;
				GCC_WARN_UNINITIALIZED_AUTOS = YES_AGGRESSIVE;
				GCC_WARN_UNUSED_FUNCTION = YES;
				GCC_WARN_UNUSED_VARIABLE = YES;
				IPHONEOS_DEPLOYMENT_TARGET = 17.5;
				LOCALIZATION_PREFERS_STRING_CATALOGS = YES;
				MTL_ENABLE_DEBUG_INFO = NO;
				MTL_FAST_MATH = YES;
				SDKROOT = iphoneos;
				SWIFT_COMPILATION_MODE = wholemodule;
				VALIDATE_PRODUCT = YES;
			};
			name = Release;
		};
		8D6AC1122C3B237F00676464 /* Debug */ = {
			isa = XCBuildConfiguration;
			buildSettings = {
				ASSETCATALOG_COMPILER_APPICON_NAME = AppIcon;
				ASSETCATALOG_COMPILER_GLOBAL_ACCENT_COLOR_NAME = AccentColor;
				CODE_SIGN_STYLE = Automatic;
				CURRENT_PROJECT_VERSION = 1;
				DEVELOPMENT_ASSET_PATHS = "\"AppiumApp/Preview Content\"";
				ENABLE_PREVIEWS = YES;
				GENERATE_INFOPLIST_FILE = YES;
				INFOPLIST_KEY_UIApplicationSceneManifest_Generation = YES;
				INFOPLIST_KEY_UIApplicationSupportsIndirectInputEvents = YES;
				INFOPLIST_KEY_UILaunchScreen_Generation = YES;
				INFOPLIST_KEY_UISupportedInterfaceOrientations_iPad = "UIInterfaceOrientationPortrait UIInterfaceOrientationPortraitUpsideDown UIInterfaceOrientationLandscapeLeft UIInterfaceOrientationLandscapeRight";
				INFOPLIST_KEY_UISupportedInterfaceOrientations_iPhone = "UIInterfaceOrientationPortrait UIInterfaceOrientationLandscapeLeft UIInterfaceOrientationLandscapeRight";
				LD_RUNPATH_SEARCH_PATHS = (
					"$(inherited)",
					"@executable_path/Frameworks",
				);
				MARKETING_VERSION = 1.0;
				PRODUCT_BUNDLE_IDENTIFIER = test.AppiumApp;
				PRODUCT_NAME = "$(TARGET_NAME)";
				SWIFT_EMIT_LOC_STRINGS = YES;
				SWIFT_VERSION = 5.0;
				TARGETED_DEVICE_FAMILY = "1,2";
			};
			name = Debug;
		};
		8D6AC1132C3B237F00676464 /* Release */ = {
			isa = XCBuildConfiguration;
			buildSettings = {
				ASSETCATALOG_COMPILER_APPICON_NAME = AppIcon;
				ASSETCATALOG_COMPILER_GLOBAL_ACCENT_COLOR_NAME = AccentColor;
				CODE_SIGN_STYLE = Automatic;
				CURRENT_PROJECT_VERSION = 1;
				DEVELOPMENT_ASSET_PATHS = "\"AppiumApp/Preview Content\"";
				ENABLE_PREVIEWS = YES;
				GENERATE_INFOPLIST_FILE = YES;
				INFOPLIST_KEY_UIApplicationSceneManifest_Generation = YES;
				INFOPLIST_KEY_UIApplicationSupportsIndirectInputEvents = YES;
				INFOPLIST_KEY_UILaunchScreen_Generation = YES;
				INFOPLIST_KEY_UISupportedInterfaceOrientations_iPad = "UIInterfaceOrientationPortrait UIInterfaceOrientationPortraitUpsideDown UIInterfaceOrientationLandscapeLeft UIInterfaceOrientationLandscapeRight";
				INFOPLIST_KEY_UISupportedInterfaceOrientations_iPhone = "UIInterfaceOrientationPortrait UIInterfaceOrientationLandscapeLeft UIInterfaceOrientationLandscapeRight";
				LD_RUNPATH_SEARCH_PATHS = (
					"$(inherited)",
					"@executable_path/Frameworks",
				);
				MARKETING_VERSION = 1.0;
				PRODUCT_BUNDLE_IDENTIFIER = test.AppiumApp;
				PRODUCT_NAME = "$(TARGET_NAME)";
				SWIFT_EMIT_LOC_STRINGS = YES;
				SWIFT_VERSION = 5.0;
				TARGETED_DEVICE_FAMILY = "1,2";
			};
			name = Release;
		};
		8D6AC1152C3B237F00676464 /* Debug */ = {
			isa = XCBuildConfiguration;
			buildSettings = {
				ALWAYS_EMBED_SWIFT_STANDARD_LIBRARIES = YES;
				BUNDLE_LOADER = "$(TEST_HOST)";
				CODE_SIGN_STYLE = Automatic;
				CURRENT_PROJECT_VERSION = 1;
				GENERATE_INFOPLIST_FILE = YES;
				IPHONEOS_DEPLOYMENT_TARGET = 17.5;
				MARKETING_VERSION = 1.0;
				PRODUCT_BUNDLE_IDENTIFIER = test.AppiumAppTests;
				PRODUCT_NAME = "$(TARGET_NAME)";
				SWIFT_EMIT_LOC_STRINGS = NO;
				SWIFT_VERSION = 5.0;
				TARGETED_DEVICE_FAMILY = "1,2";
				TEST_HOST = "$(BUILT_PRODUCTS_DIR)/AppiumApp.app/$(BUNDLE_EXECUTABLE_FOLDER_PATH)/AppiumApp";
			};
			name = Debug;
		};
		8D6AC1162C3B237F00676464 /* Release */ = {
			isa = XCBuildConfiguration;
			buildSettings = {
				ALWAYS_EMBED_SWIFT_STANDARD_LIBRARIES = YES;
				BUNDLE_LOADER = "$(TEST_HOST)";
				CODE_SIGN_STYLE = Automatic;
				CURRENT_PROJECT_VERSION = 1;
				GENERATE_INFOPLIST_FILE = YES;
				IPHONEOS_DEPLOYMENT_TARGET = 17.5;
				MARKETING_VERSION = 1.0;
				PRODUCT_BUNDLE_IDENTIFIER = test.AppiumAppTests;
				PRODUCT_NAME = "$(TARGET_NAME)";
				SWIFT_EMIT_LOC_STRINGS = NO;
				SWIFT_VERSION = 5.0;
				TARGETED_DEVICE_FAMILY = "1,2";
				TEST_HOST = "$(BUILT_PRODUCTS_DIR)/AppiumApp.app/$(BUNDLE_EXECUTABLE_FOLDER_PATH)/AppiumApp";
			};
			name = Release;
		};
		8D6AC1182C3B237F00676464 /* Debug */ = {
			isa = XCBuildConfiguration;
			buildSettings = {
				ALWAYS_EMBED_SWIFT_STANDARD_LIBRARIES = YES;
				CODE_SIGN_STYLE = Automatic;
				CURRENT_PROJECT_VERSION = 1;
				GENERATE_INFOPLIST_FILE = YES;
				MARKETING_VERSION = 1.0;
				PRODUCT_BUNDLE_IDENTIFIER = test.AppiumAppUITests;
				PRODUCT_NAME = "$(TARGET_NAME)";
				SWIFT_EMIT_LOC_STRINGS = NO;
				SWIFT_VERSION = 5.0;
				TARGETED_DEVICE_FAMILY = "1,2";
				TEST_TARGET_NAME = AppiumApp;
			};
			name = Debug;
		};
		8D6AC1192C3B237F00676464 /* Release */ = {
			isa = XCBuildConfiguration;
			buildSettings = {
				ALWAYS_EMBED_SWIFT_STANDARD_LIBRARIES = YES;
				CODE_SIGN_STYLE = Automatic;
				CURRENT_PROJECT_VERSION = 1;
				GENERATE_INFOPLIST_FILE = YES;
				MARKETING_VERSION = 1.0;
				PRODUCT_BUNDLE_IDENTIFIER = test.AppiumAppUITests;
				PRODUCT_NAME = "$(TARGET_NAME)";
				SWIFT_EMIT_LOC_STRINGS = NO;
				SWIFT_VERSION = 5.0;
				TARGETED_DEVICE_FAMILY = "1,2";
				TEST_TARGET_NAME = AppiumApp;
			};
			name = Release;
		};
/* End XCBuildConfiguration section */

/* Begin XCConfigurationList section */
		8D6AC0E82C3B237D00676464 /* Build configuration list for PBXProject "AppiumApp" */ = {
			isa = XCConfigurationList;
			buildConfigurations = (
				8D6AC10F2C3B237F00676464 /* Debug */,
				8D6AC1102C3B237F00676464 /* Release */,
			);
			defaultConfigurationIsVisible = 0;
			defaultConfigurationName = Release;
		};
		8D6AC1112C3B237F00676464 /* Build configuration list for PBXNativeTarget "AppiumApp" */ = {
			isa = XCConfigurationList;
			buildConfigurations = (
				8D6AC1122C3B237F00676464 /* Debug */,
				8D6AC1132C3B237F00676464 /* Release */,
			);
			defaultConfigurationIsVisible = 0;
			defaultConfigurationName = Release;
		};
		8D6AC1142C3B237F00676464 /* Build configuration list for PBXNativeTarget "AppiumAppTests" */ = {
			isa = XCConfigurationList;
			buildConfigurations = (
				8D6AC1152C3B237F00676464 /* Debug */,
				8D6AC1162C3B237F00676464 /* Release */,
			);
			defaultConfigurationIsVisible = 0;
			defaultConfigurationName = Release;
		};
		8D6AC1172C3B237F00676464 /* Build configuration list for PBXNativeTarget "AppiumAppUITests" */ = {
			isa = XCConfigurationList;
			buildConfigurations = (
				8D6AC1182C3B237F00676464 /* Debug */,
				8D6AC1192C3B237F00676464 /* Release */,
			);
			defaultConfigurationIsVisible = 0;
			defaultConfigurationName = Release;
		};
/* End XCConfigurationList section */
	};
	rootObject = 8D6AC0E52C3B237D00676464 /* Project object */;
}
